
Microsoft Visual Studio Solution File, Format Version 12.00
# Visual Studio Version 16
VisualStudioVersion = 16.0.30907.101
MinimumVisualStudioVersion = 10.0.40219.1
Project("{FAE04EC0-301F-11D3-BF4B-00C04F79EFBC}") = "Bie_daalt", "Bie_daalt\Bie_daalt.csproj", "{52B0E4A7-DBE2-40EB-9B9A-BBBA8A7FBDEF}"
EndProject
Global
	GlobalSection(SolutionConfigurationPlatforms) = preSolution
		Debug|Any CPU = Debug|Any CPU
		Release|Any CPU = Release|Any CPU
	EndGlobalSection
	GlobalSection(ProjectConfigurationPlatforms) = postSolution
		{52B0E4A7-DBE2-40EB-9B9A-BBBA8A7FBDEF}.Debug|Any CPU.ActiveCfg = Debug|Any CPU
		{52B0E4A7-DBE2-40EB-9B9A-BBBA8A7FBDEF}.Debug|Any CPU.Build.0 = Debug|Any CPU
		{52B0E4A7-DBE2-40EB-9B9A-BBBA8A7FBDEF}.Release|Any CPU.ActiveCfg = Release|Any CPU
		{52B0E4A7-DBE2-40EB-9B9A-BBBA8A7FBDEF}.Release|Any CPU.Build.0 = Release|Any CPU
	EndGlobalSection
	GlobalSection(SolutionProperties) = preSolution
		HideSolutionNode = FALSE
	EndGlobalSection
	GlobalSection(ExtensibilityGlobals) = postSolution
		SolutionGuid = {B0DF434E-42F4-4626-88C7-776287CF7512}
	EndGlobalSection
EndGlobal
